
Microsoft Visual Studio Solution File, Format Version 12.00
# Visual Studio Version 16
VisualStudioVersion = 16.0.31624.102
MinimumVisualStudioVersion = 10.0.40219.1
Project("{FAE04EC0-301F-11D3-BF4B-00C04F79EFBC}") = "Sudoku.Android", "Sudoku\Sudoku.Android\Sudoku.Android.csproj", "{8C61861F-2DFE-45DC-818F-2AF0D7C2BB24}"
EndProject
Project("{FAE04EC0-301F-11D3-BF4B-00C04F79EFBC}") = "Sudoku", "Sudoku\Sudoku\Sudoku.csproj", "{9980869E-A65A-4990-81EC-258CBC02BC6A}"
EndProject
Project("{FAE04EC0-301F-11D3-BF4B-00C04F79EFBC}") = "SudokuTest", "SudokuTest\SudokuTest.csproj", "{C8C518F9-1677-4F07-AAD7-16F8E2D18BBE}"
EndProject
Global
	GlobalSection(SolutionConfigurationPlatforms) = preSolution
		Debug|Any CPU = Debug|Any CPU
		Release|Any CPU = Release|Any CPU
	EndGlobalSection
	GlobalSection(ProjectConfigurationPlatforms) = postSolution
		{8C61861F-2DFE-45DC-818F-2AF0D7C2BB24}.Debug|Any CPU.ActiveCfg = Debug|Any CPU
		{8C61861F-2DFE-45DC-818F-2AF0D7C2BB24}.Debug|Any CPU.Build.0 = Debug|Any CPU
		{8C61861F-2DFE-45DC-818F-2AF0D7C2BB24}.Debug|Any CPU.Deploy.0 = Debug|Any CPU
		{8C61861F-2DFE-45DC-818F-2AF0D7C2BB24}.Release|Any CPU.ActiveCfg = Release|Any CPU
		{8C61861F-2DFE-45DC-818F-2AF0D7C2BB24}.Release|Any CPU.Build.0 = Release|Any CPU
		{8C61861F-2DFE-45DC-818F-2AF0D7C2BB24}.Release|Any CPU.Deploy.0 = Release|Any CPU
		{9980869E-A65A-4990-81EC-258CBC02BC6A}.Debug|Any CPU.ActiveCfg = Debug|Any CPU
		{9980869E-A65A-4990-81EC-258CBC02BC6A}.Debug|Any CPU.Build.0 = Debug|Any CPU
		{9980869E-A65A-4990-81EC-258CBC02BC6A}.Debug|Any CPU.Deploy.0 = Debug|Any CPU
		{9980869E-A65A-4990-81EC-258CBC02BC6A}.Release|Any CPU.ActiveCfg = Release|Any CPU
		{9980869E-A65A-4990-81EC-258CBC02BC6A}.Release|Any CPU.Build.0 = Release|Any CPU
		{9980869E-A65A-4990-81EC-258CBC02BC6A}.Release|Any CPU.Deploy.0 = Release|Any CPU
		{C8C518F9-1677-4F07-AAD7-16F8E2D18BBE}.Debug|Any CPU.ActiveCfg = Debug|Any CPU
		{C8C518F9-1677-4F07-AAD7-16F8E2D18BBE}.Debug|Any CPU.Build.0 = Debug|Any CPU
		{C8C518F9-1677-4F07-AAD7-16F8E2D18BBE}.Release|Any CPU.ActiveCfg = Release|Any CPU
		{C8C518F9-1677-4F07-AAD7-16F8E2D18BBE}.Release|Any CPU.Build.0 = Release|Any CPU
	EndGlobalSection
	GlobalSection(SolutionProperties) = preSolution
		HideSolutionNode = FALSE
	EndGlobalSection
	GlobalSection(ExtensibilityGlobals) = postSolution
		SolutionGuid = {EA02935C-1461-4C1B-A8AC-58A8A456EED9}
	EndGlobalSection
EndGlobal
